
Microsoft Visual Studio Solution File, Format Version 12.00
# Visual Studio 14
VisualStudioVersion = 14.0.25420.1
MinimumVisualStudioVersion = 10.0.40219.1
Project("{54435603-DBB4-11D2-8724-00A0C9A8B90C}") = "AzureStorageBrowser", "AzureStorageBrowser\AzureStorageBrowser.vdproj", "{846A769F-60FD-487A-9DB2-7B0608644D4B}"
EndProject
Global
	GlobalSection(SolutionConfigurationPlatforms) = preSolution
		Debug|Default = Debug|Default
		Release|Default = Release|Default
	EndGlobalSection
	GlobalSection(ProjectConfigurationPlatforms) = postSolution
		{846A769F-60FD-487A-9DB2-7B0608644D4B}.Debug|Default.ActiveCfg = Debug
		{846A769F-60FD-487A-9DB2-7B0608644D4B}.Debug|Default.Build.0 = Debug
		{846A769F-60FD-487A-9DB2-7B0608644D4B}.Release|Default.ActiveCfg = Release
		{846A769F-60FD-487A-9DB2-7B0608644D4B}.Release|Default.Build.0 = Release
	EndGlobalSection
	GlobalSection(SolutionProperties) = preSolution
		HideSolutionNode = FALSE
	EndGlobalSection
EndGlobal
